
Microsoft Visual Studio Solution File, Format Version 12.00
# Visual Studio 15
VisualStudioVersion = 15.0.26430.6
MinimumVisualStudioVersion = 10.0.40219.1
Project("{FAE04EC0-301F-11D3-BF4B-00C04F79EFBC}") = "JsonFeedNet", "JsonFeedNet\JsonFeedNet.csproj", "{06D49D6D-5801-4EA8-8A85-B04E29B5B500}"
EndProject
Project("{FAE04EC0-301F-11D3-BF4B-00C04F79EFBC}") = "JsonFeedNet.Tests", "JsonFeedNet.Tests\JsonFeedNet.Tests.csproj", "{69CFB83C-42D8-42FA-B06C-15A849470976}"
EndProject
Global
	GlobalSection(SolutionConfigurationPlatforms) = preSolution
		Debug|Any CPU = Debug|Any CPU
		Release|Any CPU = Release|Any CPU
	EndGlobalSection
	GlobalSection(ProjectConfigurationPlatforms) = postSolution
		{06D49D6D-5801-4EA8-8A85-B04E29B5B500}.Debug|Any CPU.ActiveCfg = Debug|Any CPU
		{06D49D6D-5801-4EA8-8A85-B04E29B5B500}.Debug|Any CPU.Build.0 = Debug|Any CPU
		{06D49D6D-5801-4EA8-8A85-B04E29B5B500}.Release|Any CPU.ActiveCfg = Release|Any CPU
		{06D49D6D-5801-4EA8-8A85-B04E29B5B500}.Release|Any CPU.Build.0 = Release|Any CPU
		{69CFB83C-42D8-42FA-B06C-15A849470976}.Debug|Any CPU.ActiveCfg = Debug|Any CPU
		{69CFB83C-42D8-42FA-B06C-15A849470976}.Debug|Any CPU.Build.0 = Debug|Any CPU
		{69CFB83C-42D8-42FA-B06C-15A849470976}.Release|Any CPU.ActiveCfg = Release|Any CPU
		{69CFB83C-42D8-42FA-B06C-15A849470976}.Release|Any CPU.Build.0 = Release|Any CPU
	EndGlobalSection
	GlobalSection(SolutionProperties) = preSolution
		HideSolutionNode = FALSE
	EndGlobalSection
EndGlobal
